
Microsoft Visual Studio Solution File, Format Version 12.00
# Visual Studio 15
Project("{FAE04EC0-301F-11D3-BF4B-00C04F79EFBC}") = "Fwdays_PMLAB_Task", "Fwdays_PMLAB_Task.csproj", "{8577120C-A851-407D-A0AE-5F09B520F7CE}"
EndProject
Global
	GlobalSection(SolutionConfigurationPlatforms) = preSolution
		Debug|Any CPU = Debug|Any CPU
		Release|Any CPU = Release|Any CPU
	EndGlobalSection
	GlobalSection(ProjectConfigurationPlatforms) = postSolution
		{8577120C-A851-407D-A0AE-5F09B520F7CE}.Debug|Any CPU.ActiveCfg = Debug|Any CPU
		{8577120C-A851-407D-A0AE-5F09B520F7CE}.Debug|Any CPU.Build.0 = Debug|Any CPU
		{8577120C-A851-407D-A0AE-5F09B520F7CE}.Release|Any CPU.ActiveCfg = Release|Any CPU
		{8577120C-A851-407D-A0AE-5F09B520F7CE}.Release|Any CPU.Build.0 = Release|Any CPU
	EndGlobalSection
EndGlobal
